
Microsoft Visual Studio Solution File, Format Version 12.00
# Visual Studio Version 17
VisualStudioVersion = 17.13.35931.197 d17.13
MinimumVisualStudioVersion = 10.0.40219.1
Project("{FAE04EC0-301F-11D3-BF4B-00C04F79EFBC}") = "WholeApplication2", "WholeApplication2.csproj", "{2C03ACFF-4FEF-4682-8C13-C0BB2060E44A}"
EndProject
Global
	GlobalSection(SolutionConfigurationPlatforms) = preSolution
		Debug|Any CPU = Debug|Any CPU
		Release|Any CPU = Release|Any CPU
	EndGlobalSection
	GlobalSection(ProjectConfigurationPlatforms) = postSolution
		{2C03ACFF-4FEF-4682-8C13-C0BB2060E44A}.Debug|Any CPU.ActiveCfg = Debug|Any CPU
		{2C03ACFF-4FEF-4682-8C13-C0BB2060E44A}.Debug|Any CPU.Build.0 = Debug|Any CPU
		{2C03ACFF-4FEF-4682-8C13-C0BB2060E44A}.Release|Any CPU.ActiveCfg = Release|Any CPU
		{2C03ACFF-4FEF-4682-8C13-C0BB2060E44A}.Release|Any CPU.Build.0 = Release|Any CPU
	EndGlobalSection
	GlobalSection(SolutionProperties) = preSolution
		HideSolutionNode = FALSE
	EndGlobalSection
	GlobalSection(ExtensibilityGlobals) = postSolution
		SolutionGuid = {083605E7-28AF-4209-9F8C-D8F127896779}
	EndGlobalSection
EndGlobal
