Microsoft Visual Studio Solution File, Format Version 12.00
# Visual Studio Version 17
VisualStudioVersion = 17.13.35931.197
MinimumVisualStudioVersion = 10.0.40219.1
Project("{FAE04EC0-301F-11D3-BF4B-00C04F79EFBC}") = "Day_11", "Day_11\Day_11.csproj", "{B9796635-6365-4E3A-BCDC-55BDFC7C46D8}"
EndProject
Global
	GlobalSection(SolutionConfigurationPlatforms) = preSolution
		Debug|Any CPU = Debug|Any CPU
		Release|Any CPU = Release|Any CPU
	EndGlobalSection
	GlobalSection(ProjectConfigurationPlatforms) = postSolution
		{B9796635-6365-4E3A-BCDC-55BDFC7C46D8}.Debug|Any CPU.ActiveCfg = Debug|Any CPU
		{B9796635-6365-4E3A-BCDC-55BDFC7C46D8}.Debug|Any CPU.Build.0 = Debug|Any CPU
		{B9796635-6365-4E3A-BCDC-55BDFC7C46D8}.Release|Any CPU.ActiveCfg = Release|Any CPU
		{B9796635-6365-4E3A-BCDC-55BDFC7C46D8}.Release|Any CPU.Build.0 = Release|Any CPU
	EndGlobalSection
	GlobalSection(SolutionProperties) = preSolution
		HideSolutionNode = FALSE
	EndGlobalSection
	GlobalSection(ExtensibilityGlobals) = postSolution
		SolutionGuid = {78916C72-195A-499E-941F-54CE6B4ABD27}
	EndGlobalSection
EndGlobal
