
Microsoft Visual Studio Solution File, Format Version 12.00
# Visual Studio Version 17
VisualStudioVersion = 17.13.35931.197 d17.13
MinimumVisualStudioVersion = 10.0.40219.1
Project("{FAE04EC0-301F-11D3-BF4B-00C04F79EFBC}") = "Collections", "Collections\Collections.csproj", "{353EF36C-7796-4BB8-97B7-EE5F03D7AE4D}"
EndProject
Global
	GlobalSection(SolutionConfigurationPlatforms) = preSolution
		Debug|Any CPU = Debug|Any CPU
		Release|Any CPU = Release|Any CPU
	EndGlobalSection
	GlobalSection(ProjectConfigurationPlatforms) = postSolution
		{353EF36C-7796-4BB8-97B7-EE5F03D7AE4D}.Debug|Any CPU.ActiveCfg = Debug|Any CPU
		{353EF36C-7796-4BB8-97B7-EE5F03D7AE4D}.Debug|Any CPU.Build.0 = Debug|Any CPU
		{353EF36C-7796-4BB8-97B7-EE5F03D7AE4D}.Release|Any CPU.ActiveCfg = Release|Any CPU
		{353EF36C-7796-4BB8-97B7-EE5F03D7AE4D}.Release|Any CPU.Build.0 = Release|Any CPU
	EndGlobalSection
	GlobalSection(SolutionProperties) = preSolution
		HideSolutionNode = FALSE
	EndGlobalSection
	GlobalSection(ExtensibilityGlobals) = postSolution
		SolutionGuid = {00788EE6-C9B2-422C-B7E3-602D6B706B53}
	EndGlobalSection
EndGlobal
